{
    "_meta": {
        "hash": {
            "sha256": "8090be661062475687f777d1430989a74926ea46da57eb7e6efa88e3c57c9dcb"
        },
        "pipfile-spec": 6,
        "requires": {},
        "sources": [
            {
                "url": "https://pypi.python.org/simple",
                "verify_ssl": true
            }
        ]
    },
    "default": {
        "colorama": {
            "hashes": [
                "sha256:463f8483208e921368c9f306094eb6f725c6ca42b0f97e313cb5d5512459feda",
                "sha256:48eb22f4f8461b1df5734a074b57042430fb06e1d61bd1e11b078c0fe6d7a1f1"
            ],
            "version": "==0.3.9"
        },
        "mando": {
            "hashes": [
                "sha256:4626fe3d74bb23e3a64dda59843d1641f0bf01097f61ff817d3f2e1db21cb4b3",
                "sha256:ef1e10b7004b84c41cb272516640f1d387fcd1e16ba48fb96d6a6eba131faef3"
            ],
            "version": "==0.3.3"
        }
    },
    "develop": {
        "coverage": {
            "hashes": [
                "sha256:06a9a2be0b5b576c3f18f1a241f0473575c4a26021b52b2a85263a00f034d51f",
                "sha256:06fb182e69f33f6cd1d39a6c597294cff3143554b64b9825d1dc69d18cc2fff2",
                "sha256:0a5f9e1dbd7fbe30196578ca36f3fba75376fb99888c395c5880b355e2875f8a",
                "sha256:0e1f928eaf5469c11e886fe0885ad2bf1ec606434e79842a879277895a50942a",
                "sha256:171717c7cb6b453aebac9a2ef603699da237f341b38eebfee9be75d27dc38e01",
                "sha256:1e9d683426464e4a252bf70c3498756055016f99ddaec3774bf368e76bbe02b6",
                "sha256:201e7389591af40950a6480bd9edfa8ed04346ff80002cec1a66cac4549c1ad7",
                "sha256:245167dd26180ab4c91d5e1496a30be4cd721a5cf2abf52974f965f10f11419f",
                "sha256:2aee274c46590717f38ae5e4650988d1af340fe06167546cc32fe2f58ed05b02",
                "sha256:2e07b54284e381531c87f785f613b833569c14ecacdcb85d56b25c4622c16c3c",
                "sha256:31563e97dae5598556600466ad9beea39fb04e0229e61c12eaa206e0aa202063",
                "sha256:33d6d3ea29d5b3a1a632b3c4e4f4ecae24ef170b0b9ee493883f2df10039959a",
                "sha256:3d376df58cc111dc8e21e3b6e24606b5bb5dee6024f46a5abca99124b2229ef5",
                "sha256:419bfd2caae268623dd469eff96d510a920c90928b60f2073d79f8fe2bbc5959",
                "sha256:48c19d2159d433ccc99e729ceae7d5293fbffa0bdb94952d3579983d1c8c9d97",
                "sha256:49969a9f7ffa086d973d91cec8d2e31080436ef0fb4a359cae927e742abfaaa6",
                "sha256:52edc1a60c0d34afa421c9c37078817b2e67a392cab17d97283b64c5833f427f",
                "sha256:537891ae8ce59ef63d0123f7ac9e2ae0fc8b72c7ccbe5296fec45fd68967b6c9",
                "sha256:54b896376ab563bd38453cecb813c295cf347cf5906e8b41d340b0321a5433e5",
                "sha256:58c2ccc2f00ecb51253cbe5d8d7122a34590fac9646a960d1430d5b15321d95f",
                "sha256:5b7540161790b2f28143191f5f8ec02fb132660ff175b7747b95dcb77ac26562",
                "sha256:5baa06420f837184130752b7c5ea0808762083bf3487b5038d68b012e5937dbe",
                "sha256:5e330fc79bd7207e46c7d7fd2bb4af2963f5f635703925543a70b99574b0fea9",
                "sha256:61b9a528fb348373c433e8966535074b802c7a5d7f23c4f421e6c6e2f1697a6f",
                "sha256:63426706118b7f5cf6bb6c895dc215d8a418d5952544042c8a2d9fe87fcf09cb",
                "sha256:6d040ef7c9859bb11dfeb056ff5b3872436e3b5e401817d87a31e1750b9ae2fb",
                "sha256:6f48351d66575f535669306aa7d6d6f71bc43372473b54a832222803eb956fd1",
                "sha256:7ee7d9d4822c8acc74a5e26c50604dff824710bc8de424904c0982e25c39c6cb",
                "sha256:81c13a1fc7468c40f13420732805a4c38a105d89848b7c10af65a90beff25250",
                "sha256:8d13c64ee2d33eccf7437961b6ea7ad8673e2be040b4f7fd4fd4d4d28d9ccb1e",
                "sha256:8de8bb0e5ad103888d65abef8bca41ab93721647590a3f740100cd65c3b00511",
                "sha256:8fa03bce9bfbeeef9f3b160a8bed39a221d82308b4152b27d82d8daa7041fee5",
                "sha256:924d94291ca674905fe9481f12294eb11f2d3d3fd1adb20314ba89e94f44ed59",
                "sha256:975d70ab7e3c80a3fe86001d8751f6778905ec723f5b110aed1e450da9d4b7f2",
                "sha256:976b9c42fb2a43ebf304fa7d4a310e5f16cc99992f33eced91ef6f908bd8f33d",
                "sha256:9e31cb64d7de6b6f09702bb27c02d1904b3aebfca610c12772452c4e6c21a0d3",
                "sha256:a342242fe22407f3c17f4b499276a02b01e80f861f1682ad1d95b04018e0c0d4",
                "sha256:a3d33a6b3eae87ceaefa91ffdc130b5e8536182cd6dfdbfc1aa56b46ff8c86de",
                "sha256:a895fcc7b15c3fc72beb43cdcbdf0ddb7d2ebc959edac9cef390b0d14f39f8a9",
                "sha256:afb17f84d56068a7c29f5fa37bfd38d5aba69e3304af08ee94da8ed5b0865833",
                "sha256:b1c546aca0ca4d028901d825015dc8e4d56aac4b541877690eb76490f1dc8ed0",
                "sha256:b29019c76039dc3c0fd815c41392a044ce555d9bcdd38b0fb60fb4cd8e475ba9",
                "sha256:b46517c02ccd08092f4fa99f24c3b83d8f92f739b4657b0f146246a0ca6a831d",
                "sha256:b7aa5f8a41217360e600da646004f878250a0d6738bcdc11a0a39928d7dc2050",
                "sha256:b7b4c971f05e6ae490fef852c218b0e79d4e52f79ef0c8475566584a8fb3e01d",
                "sha256:ba90a9563ba44a72fda2e85302c3abc71c5589cea608ca16c22b9804262aaeb6",
                "sha256:cb017fd1b2603ef59e374ba2063f593abe0fc45f2ad9abdde5b4d83bd922a353",
                "sha256:d22656368f0e6189e24722214ed8d66b8022db19d182927b9a248a2a8a2f67eb",
                "sha256:d2c2db7fd82e9b72937969bceac4d6ca89660db0a0967614ce2481e81a0b771e",
                "sha256:d39b5b4f2a66ccae8b7263ac3c8170994b65266797fb96cbbfd3fb5b23921db8",
                "sha256:d62a5c7dad11015c66fbb9d881bc4caa5b12f16292f857842d9d1871595f4495",
                "sha256:e7d9405291c6928619403db1d10bd07888888ec1abcbd9748fdaa971d7d661b2",
                "sha256:e84606b74eb7de6ff581a7915e2dab7a28a0517fbe1c9239eb227e1354064dcd",
                "sha256:eb393e5ebc85245347950143969b241d08b52b88a3dc39479822e073a1a8eb27",
                "sha256:ebba1cd308ef115925421d3e6a586e655ca5a77b5bf41e02eb0e4562a111f2d1",
                "sha256:ee57190f24fba796e36bb6d3aa8a8783c643d8fa9760c89f7a98ab5455fbf818",
                "sha256:f2f67fe12b22cd130d34d0ef79206061bfb5eda52feb6ce0dba0644e20a03cf4",
                "sha256:f6951407391b639504e3b3be51b7ba5f3528adbf1a8ac3302b687ecababf929e",
                "sha256:f75f7168ab25dd93110c8a8117a22450c19976afbc44234cbf71481094c1b850",
                "sha256:fdec9e8cbf13a5bf63290fc6013d216a4c7232efb51548594ca3631a7f13c3a3"
            ],
            "version": "==7.2.7"
        },
        "distlib": {
            "hashes": [
                "sha256:14bad2d9b04d3a36127ac97f30b12a19268f211063d8f8ee4f47108896e11b46",
                "sha256:f35c4b692542ca110de7ef0bea44d73981caeb34ca0b9b6b2e6d7790dda8f80e"
            ],
            "version": "==0.3.6"
        },
        "filelock": {
            "hashes": [
                "sha256:002740518d8aa59a26b0c76e10fb8c6e15eae825d34b6fdf670333fd7b938d81",
                "sha256:cbb791cdea2a72f23da6ac5b5269ab0a0d161e9ef0100e653b69049a7706d1ec"
            ],
            "markers": "python_version >= '3.7'",
            "version": "==3.12.2"
        },
        "mock": {
            "hashes": [
                "sha256:5ce3c71c5545b472da17b72268978914d0252980348636840bd34a00b5cc96c1",
                "sha256:b158b6df76edd239b8208d481dc46b6afd45a846b7812ff0ce58971cf5bc8bba"
            ],
            "version": "==2.0.0"
        },
        "pbr": {
            "hashes": [
                "sha256:567f09558bae2b3ab53cb3c1e2e33e726ff3338e7bae3db5dc954b3a44eef12b",
                "sha256:aefc51675b0b533d56bb5fd1c8c6c0522fe31896679882e1c4c63d5e4a0fccb3"
            ],
            "markers": "python_version >= '2.6'",
            "version": "==5.11.1"
        },
        "platformdirs": {
            "hashes": [
                "sha256:0ade98a4895e87dc51d47151f7d2ec290365a585151d97b4d8d6312ed6132fed",
                "sha256:e48fabd87db8f3a7df7150a4a5ea22c546ee8bc39bc2473244730d4b56d2cc4e"
            ],
            "markers": "python_version >= '3.7'",
            "version": "==3.5.3"
        },
        "pluggy": {
            "hashes": [
                "sha256:15b2acde666561e1298d71b523007ed7364de07029219b604cf808bfa1c765b0",
                "sha256:966c145cd83c96502c3c3868f50408687b38434af77734af1e9ca461a4081d2d"
            ],
            "markers": "python_version >= '2.7' and python_version not in '3.0, 3.1, 3.2, 3.3'",
            "version": "==0.13.1"
        },
        "py": {
            "hashes": [
                "sha256:51c75c4126074b472f746a24399ad32f6053d1b34b68d2fa41e558e6f4a98719",
                "sha256:607c53218732647dff4acdfcd50cb62615cedf612e72d1724fb1a0cc6405b378"
            ],
            "markers": "python_version >= '2.7' and python_version not in '3.0, 3.1, 3.2, 3.3, 3.4'",
            "version": "==1.11.0"
        },
        "pytest": {
            "hashes": [
                "sha256:66f332ae62593b874a648b10a8cb106bfdacd2c6288ed7dec3713c3a808a6017",
                "sha256:b70696ebd1a5e6b627e7e3ac1365a4bc60aaf3495e843c1e70448966c5224cab"
            ],
            "version": "==3.0.7"
        },
        "pytest-mock": {
            "hashes": [
                "sha256:29bf62c12a67dc0e7f6d02efa2404f0b4d068b38cd64f22a06c8a16cb545a03e",
                "sha256:83a17cbcd4dbc7c6c9dc885a0d598f9acd11f2d5142e0718ed32e14538670c1f"
            ],
            "version": "==1.6.0"
        },
        "setuptools": {
            "hashes": [
                "sha256:5df61bf30bb10c6f756eb19e7c9f3b473051f48db77fddbe06ff2ca307df9a6f",
                "sha256:62642358adc77ffa87233bc4d2354c4b2682d214048f500964dbe760ccedf102"
            ],
            "markers": "python_version >= '3.7'",
            "version": "==67.8.0"
        },
        "six": {
            "hashes": [
                "sha256:1e61c37477a1626458e36f7b1d82aa5c9b094fa4802892072e49de9c60c4c926",
                "sha256:8abb2f1d86890a2dfb989f9a77cfcfd3e47c2a354b01111771326f8aa26e0254"
            ],
            "markers": "python_version >= '2.7' and python_version not in '3.0, 3.1, 3.2, 3.3'",
            "version": "==1.16.0"
        },
        "tox": {
            "hashes": [
                "sha256:0f37ea637ead4a5bbae91531b0bf8fd327c7152e20255e5960ee180598228d21",
                "sha256:9c3bdc06fe411d24015e8bbbab9d03dc5243a970154496aac13f9283682435f9"
            ],
            "version": "==2.7.0"
        },
        "virtualenv": {
            "hashes": [
                "sha256:6abec7670e5802a528357fdc75b26b9f57d5d92f29c5462ba0fbe45feacc685e",
                "sha256:a85caa554ced0c0afbd0d638e7e2d7b5f92d23478d05d17a76daeac8f279f924"
            ],
            "markers": "python_version != '3.2'",
            "version": "==20.23.0"
        }
    }
}
